// !$*UTF8*$!
{
	archiveVersion = 1;
	classes = {
	};
	objectVersion = 56;
	objects = {

/* Begin PBXBuildFile section */
		E55FFFA12BFDA0080068F725 /* testPerformanceTests.swift in Sources */ = {isa = PBXBuildFile; fileRef = E55FFFA02BFDA0080068F725 /* testPerformanceTests.swift */; };
		E57067932C09783000C15843 /* test_SwipeBack.swift in Sources */ = {isa = PBXBuildFile; fileRef = E57067922C09783000C15843 /* test_SwipeBack.swift */; };
		E57067952C09880800C15843 /* test_swipeUp.swift in Sources */ = {isa = PBXBuildFile; fileRef = E57067942C09880800C15843 /* test_swipeUp.swift */; };
		E57067972C09882000C15843 /* t_swipeUp.swift in Sources */ = {isa = PBXBuildFile; fileRef = E57067962C09882000C15843 /* t_swipeUp.swift */; };
		E58952BE2BFAF90800512195 /* testApp.swift in Sources */ = {isa = PBXBuildFile; fileRef = E58952BD2BFAF90800512195 /* testApp.swift */; };
		E58952C02BFAF90800512195 /* ContentView.swift in Sources */ = {isa = PBXBuildFile; fileRef = E58952BF2BFAF90800512195 /* ContentView.swift */; };
		E58952C22BFAF90A00512195 /* Assets.xcassets in Resources */ = {isa = PBXBuildFile; fileRef = E58952C12BFAF90A00512195 /* Assets.xcassets */; };
		E58952C52BFAF90A00512195 /* Preview Assets.xcassets in Resources */ = {isa = PBXBuildFile; fileRef = E58952C42BFAF90A00512195 /* Preview Assets.xcassets */; };
		E58952EB2BFAF99F00512195 /* HomeView.swift in Sources */ = {isa = PBXBuildFile; fileRef = E58952EA2BFAF99F00512195 /* HomeView.swift */; };
		E5A36B542BFF33700035BBBC /* AllUIView.swift in Sources */ = {isa = PBXBuildFile; fileRef = E5A36B532BFF33700035BBBC /* AllUIView.swift */; };
		E5A36B572BFF34B70035BBBC /* t_input.swift in Sources */ = {isa = PBXBuildFile; fileRef = E5A36B562BFF34B70035BBBC /* t_input.swift */; };
		E5A36B592BFF36860035BBBC /* test_input.swift in Sources */ = {isa = PBXBuildFile; fileRef = E5A36B582BFF36860035BBBC /* test_input.swift */; };
		E5BDB46E2C09C38C00534E7D /* t_memory.swift in Sources */ = {isa = PBXBuildFile; fileRef = E5BDB46D2C09C38C00534E7D /* t_memory.swift */; };
		E5BDB4732C09C60000534E7D /* t_cpu_usage.swift in Sources */ = {isa = PBXBuildFile; fileRef = E5BDB4722C09C60000534E7D /* t_cpu_usage.swift */; };
		E5CAC08A2C0466C600BACFE9 /* t_button.swift in Sources */ = {isa = PBXBuildFile; fileRef = E5CAC0892C0466C600BACFE9 /* t_button.swift */; };
		E5D7E2C92C00465F004A6062 /* test_waitEl.swift in Sources */ = {isa = PBXBuildFile; fileRef = E5D7E2C82C00465F004A6062 /* test_waitEl.swift */; };
		E5E15F0C2C046AA000E8A82D /* test_button.swift in Sources */ = {isa = PBXBuildFile; fileRef = E5E15F0B2C046AA000E8A82D /* test_button.swift */; };
		E5E15F192C04897300E8A82D /* Localizable.strings in Resources */ = {isa = PBXBuildFile; fileRef = E5E15F1B2C04897300E8A82D /* Localizable.strings */; };
		E5F6DA332C072FA100E5E7CE /* test_screenshot.swift in Sources */ = {isa = PBXBuildFile; fileRef = E5F6DA322C072FA100E5E7CE /* test_screenshot.swift */; };
		E5F6DA352C0731A600E5E7CE /* t_silder.swift in Sources */ = {isa = PBXBuildFile; fileRef = E5F6DA342C0731A600E5E7CE /* t_silder.swift */; };
		E5F6DA392C0734C800E5E7CE /* test_slider.swift in Sources */ = {isa = PBXBuildFile; fileRef = E5F6DA382C0734C800E5E7CE /* test_slider.swift */; };
		E5F953032C00804200C4A9B8 /* test_uniapp_input.swift in Sources */ = {isa = PBXBuildFile; fileRef = E5F953022C00804200C4A9B8 /* test_uniapp_input.swift */; };
/* End PBXBuildFile section */

/* Begin PBXContainerItemProxy section */
		E58952D52BFAF90A00512195 /* PBXContainerItemProxy */ = {
			isa = PBXContainerItemProxy;
			containerPortal = E58952B22BFAF90800512195 /* Project object */;
			proxyType = 1;
			remoteGlobalIDString = E58952B92BFAF90800512195;
			remoteInfo = test;
		};
/* End PBXContainerItemProxy section */

/* Begin PBXFileReference section */
		E55FFFA02BFDA0080068F725 /* testPerformanceTests.swift */ = {isa = PBXFileReference; lastKnownFileType = sourcecode.swift; path = testPerformanceTests.swift; sourceTree = "<group>"; };
		E57067922C09783000C15843 /* test_SwipeBack.swift */ = {isa = PBXFileReference; lastKnownFileType = sourcecode.swift; path = test_SwipeBack.swift; sourceTree = "<group>"; };
		E57067942C09880800C15843 /* test_swipeUp.swift */ = {isa = PBXFileReference; lastKnownFileType = sourcecode.swift; path = test_swipeUp.swift; sourceTree = "<group>"; };
		E57067962C09882000C15843 /* t_swipeUp.swift */ = {isa = PBXFileReference; lastKnownFileType = sourcecode.swift; path = t_swipeUp.swift; sourceTree = "<group>"; };
		E58952BA2BFAF90800512195 /* test.app */ = {isa = PBXFileReference; explicitFileType = wrapper.application; includeInIndex = 0; path = test.app; sourceTree = BUILT_PRODUCTS_DIR; };
		E58952BD2BFAF90800512195 /* testApp.swift */ = {isa = PBXFileReference; lastKnownFileType = sourcecode.swift; path = testApp.swift; sourceTree = "<group>"; };
		E58952BF2BFAF90800512195 /* ContentView.swift */ = {isa = PBXFileReference; lastKnownFileType = sourcecode.swift; path = ContentView.swift; sourceTree = "<group>"; };
		E58952C12BFAF90A00512195 /* Assets.xcassets */ = {isa = PBXFileReference; lastKnownFileType = folder.assetcatalog; path = Assets.xcassets; sourceTree = "<group>"; };
		E58952C42BFAF90A00512195 /* Preview Assets.xcassets */ = {isa = PBXFileReference; lastKnownFileType = folder.assetcatalog; path = "Preview Assets.xcassets"; sourceTree = "<group>"; };
		E58952D42BFAF90A00512195 /* testUITests.xctest */ = {isa = PBXFileReference; explicitFileType = wrapper.cfbundle; includeInIndex = 0; path = testUITests.xctest; sourceTree = BUILT_PRODUCTS_DIR; };
		E58952EA2BFAF99F00512195 /* HomeView.swift */ = {isa = PBXFileReference; lastKnownFileType = sourcecode.swift; path = HomeView.swift; sourceTree = "<group>"; };
		E5A36B532BFF33700035BBBC /* AllUIView.swift */ = {isa = PBXFileReference; lastKnownFileType = sourcecode.swift; path = AllUIView.swift; sourceTree = "<group>"; };
		E5A36B562BFF34B70035BBBC /* t_input.swift */ = {isa = PBXFileReference; lastKnownFileType = sourcecode.swift; path = t_input.swift; sourceTree = "<group>"; };
		E5A36B582BFF36860035BBBC /* test_input.swift */ = {isa = PBXFileReference; lastKnownFileType = sourcecode.swift; path = test_input.swift; sourceTree = "<group>"; };
		E5BDB46D2C09C38C00534E7D /* t_memory.swift */ = {isa = PBXFileReference; lastKnownFileType = sourcecode.swift; path = t_memory.swift; sourceTree = "<group>"; };
		E5BDB4722C09C60000534E7D /* t_cpu_usage.swift */ = {isa = PBXFileReference; lastKnownFileType = sourcecode.swift; path = t_cpu_usage.swift; sourceTree = "<group>"; };
		E5CAC0892C0466C600BACFE9 /* t_button.swift */ = {isa = PBXFileReference; lastKnownFileType = sourcecode.swift; path = t_button.swift; sourceTree = "<group>"; };
		E5D7E2C82C00465F004A6062 /* test_waitEl.swift */ = {isa = PBXFileReference; lastKnownFileType = sourcecode.swift; path = test_waitEl.swift; sourceTree = "<group>"; };
		E5E15F0B2C046AA000E8A82D /* test_button.swift */ = {isa = PBXFileReference; lastKnownFileType = sourcecode.swift; path = test_button.swift; sourceTree = "<group>"; };
		E5E15F132C04737200E8A82D /* testPlan01.xctestplan */ = {isa = PBXFileReference; lastKnownFileType = text; path = testPlan01.xctestplan; sourceTree = "<group>"; };
		E5E15F142C04738A00E8A82D /* testPlan02.xctestplan */ = {isa = PBXFileReference; lastKnownFileType = text; path = testPlan02.xctestplan; sourceTree = "<group>"; };
		E5E15F1A2C04897300E8A82D /* en */ = {isa = PBXFileReference; fileEncoding = 4; lastKnownFileType = text.plist.strings; name = en; path = en.lproj/Localizable.strings; sourceTree = "<group>"; };
		E5E15F1C2C048C8C00E8A82D /* zh-Hans */ = {isa = PBXFileReference; lastKnownFileType = text.plist.strings; name = "zh-Hans"; path = "zh-Hans.lproj/Localizable.strings"; sourceTree = "<group>"; };
		E5F6DA322C072FA100E5E7CE /* test_screenshot.swift */ = {isa = PBXFileReference; lastKnownFileType = sourcecode.swift; path = test_screenshot.swift; sourceTree = "<group>"; };
		E5F6DA342C0731A600E5E7CE /* t_silder.swift */ = {isa = PBXFileReference; lastKnownFileType = sourcecode.swift; path = t_silder.swift; sourceTree = "<group>"; };
		E5F6DA382C0734C800E5E7CE /* test_slider.swift */ = {isa = PBXFileReference; lastKnownFileType = sourcecode.swift; path = test_slider.swift; sourceTree = "<group>"; };
		E5F953022C00804200C4A9B8 /* test_uniapp_input.swift */ = {isa = PBXFileReference; lastKnownFileType = sourcecode.swift; path = test_uniapp_input.swift; sourceTree = "<group>"; };
/* End PBXFileReference section */

/* Begin PBXFrameworksBuildPhase section */
		E58952B72BFAF90800512195 /* Frameworks */ = {
			isa = PBXFrameworksBuildPhase;
			buildActionMask = 2147483647;
			files = (
			);
			runOnlyForDeploymentPostprocessing = 0;
		};
		E58952D12BFAF90A00512195 /* Frameworks */ = {
			isa = PBXFrameworksBuildPhase;
			buildActionMask = 2147483647;
			files = (
			);
			runOnlyForDeploymentPostprocessing = 0;
		};
/* End PBXFrameworksBuildPhase section */

/* Begin PBXGroup section */
		E58952B12BFAF90800512195 = {
			isa = PBXGroup;
			children = (
				E58952BC2BFAF90800512195 /* test */,
				E58952D72BFAF90A00512195 /* testUITests */,
				E58952BB2BFAF90800512195 /* Products */,
			);
			sourceTree = "<group>";
		};
		E58952BB2BFAF90800512195 /* Products */ = {
			isa = PBXGroup;
			children = (
				E58952BA2BFAF90800512195 /* test.app */,
				E58952D42BFAF90A00512195 /* testUITests.xctest */,
			);
			name = Products;
			sourceTree = "<group>";
		};
		E58952BC2BFAF90800512195 /* test */ = {
			isa = PBXGroup;
			children = (
				E58952BF2BFAF90800512195 /* ContentView.swift */,
				E58952BD2BFAF90800512195 /* testApp.swift */,
				E58952C12BFAF90A00512195 /* Assets.xcassets */,
				E5BDB46C2C09C36B00534E7D /* demos */,
				E5BDB4702C09C44200534E7D /* examples */,
				E5E15F1B2C04897300E8A82D /* Localizable.strings */,
				E58952C32BFAF90A00512195 /* Preview Content */,
				E5BDB4712C09C51500534E7D /* tabBar */,
			);
			path = test;
			sourceTree = "<group>";
		};
		E58952C32BFAF90A00512195 /* Preview Content */ = {
			isa = PBXGroup;
			children = (
				E58952C42BFAF90A00512195 /* Preview Assets.xcassets */,
			);
			path = "Preview Content";
			sourceTree = "<group>";
		};
		E58952D72BFAF90A00512195 /* testUITests */ = {
			isa = PBXGroup;
			children = (
				E5E15F0B2C046AA000E8A82D /* test_button.swift */,
				E5A36B582BFF36860035BBBC /* test_input.swift */,
				E5F6DA322C072FA100E5E7CE /* test_screenshot.swift */,
				E5F6DA382C0734C800E5E7CE /* test_slider.swift */,
				E57067922C09783000C15843 /* test_SwipeBack.swift */,
				E5F953022C00804200C4A9B8 /* test_uniapp_input.swift */,
				E5D7E2C82C00465F004A6062 /* test_waitEl.swift */,
				E55FFFA02BFDA0080068F725 /* testPerformanceTests.swift */,
				E5E15F132C04737200E8A82D /* testPlan01.xctestplan */,
				E5E15F142C04738A00E8A82D /* testPlan02.xctestplan */,
				E57067942C09880800C15843 /* test_swipeUp.swift */,
			);
			path = testUITests;
			sourceTree = "<group>";
		};
		E5BDB46C2C09C36B00534E7D /* demos */ = {
			isa = PBXGroup;
			children = (
				E5BDB46D2C09C38C00534E7D /* t_memory.swift */,
				E5BDB4722C09C60000534E7D /* t_cpu_usage.swift */,
			);
			path = demos;
			sourceTree = "<group>";
		};
		E5BDB4702C09C44200534E7D /* examples */ = {
			isa = PBXGroup;
			children = (
				E57067962C09882000C15843 /* t_swipeUp.swift */,
				E5F6DA342C0731A600E5E7CE /* t_silder.swift */,
				E5CAC0892C0466C600BACFE9 /* t_button.swift */,
				E5A36B562BFF34B70035BBBC /* t_input.swift */,
			);
			path = examples;
			sourceTree = "<group>";
		};
		E5BDB4712C09C51500534E7D /* tabBar */ = {
			isa = PBXGroup;
			children = (
				E58952EA2BFAF99F00512195 /* HomeView.swift */,
				E5A36B532BFF33700035BBBC /* AllUIView.swift */,
			);
			path = tabBar;
			sourceTree = "<group>";
		};
/* End PBXGroup section */

/* Begin PBXHeadersBuildPhase section */
		E55FFF982BFC972D0068F725 /* Headers */ = {
			isa = PBXHeadersBuildPhase;
			buildActionMask = 2147483647;
			files = (
			);
			runOnlyForDeploymentPostprocessing = 0;
		};
/* End PBXHeadersBuildPhase section */

/* Begin PBXNativeTarget section */
		E58952B92BFAF90800512195 /* test */ = {
			isa = PBXNativeTarget;
			buildConfigurationList = E58952DE2BFAF90A00512195 /* Build configuration list for PBXNativeTarget "test" */;
			buildPhases = (
				E55FFF982BFC972D0068F725 /* Headers */,
				E58952B62BFAF90800512195 /* Sources */,
				E58952B72BFAF90800512195 /* Frameworks */,
				E58952B82BFAF90800512195 /* Resources */,
			);
			buildRules = (
			);
			dependencies = (
			);
			name = test;
			productName = test;
			productReference = E58952BA2BFAF90800512195 /* test.app */;
			productType = "com.apple.product-type.application";
		};
		E58952D32BFAF90A00512195 /* testUITests */ = {
			isa = PBXNativeTarget;
			buildConfigurationList = E58952E42BFAF90A00512195 /* Build configuration list for PBXNativeTarget "testUITests" */;
			buildPhases = (
				E58952D02BFAF90A00512195 /* Sources */,
				E58952D12BFAF90A00512195 /* Frameworks */,
				E58952D22BFAF90A00512195 /* Resources */,
			);
			buildRules = (
			);
			dependencies = (
				E58952D62BFAF90A00512195 /* PBXTargetDependency */,
			);
			name = testUITests;
			productName = testUITests;
			productReference = E58952D42BFAF90A00512195 /* testUITests.xctest */;
			productType = "com.apple.product-type.bundle.ui-testing";
		};
/* End PBXNativeTarget section */

/* Begin PBXProject section */
		E58952B22BFAF90800512195 /* Project object */ = {
			isa = PBXProject;
			attributes = {
				BuildIndependentTargetsInParallel = 1;
				LastSwiftUpdateCheck = 1520;
				LastUpgradeCheck = 1520;
				TargetAttributes = {
					E58952B92BFAF90800512195 = {
						CreatedOnToolsVersion = 15.2;
					};
					E58952D32BFAF90A00512195 = {
						CreatedOnToolsVersion = 15.2;
						TestTargetID = E58952B92BFAF90800512195;
					};
				};
			};
			buildConfigurationList = E58952B52BFAF90800512195 /* Build configuration list for PBXProject "test" */;
			compatibilityVersion = "Xcode 14.0";
			developmentRegion = en;
			hasScannedForEncodings = 0;
			knownRegions = (
				en,
				Base,
				"zh-Hans",
			);
			mainGroup = E58952B12BFAF90800512195;
			productRefGroup = E58952BB2BFAF90800512195 /* Products */;
			projectDirPath = "";
			projectRoot = "";
			targets = (
				E58952B92BFAF90800512195 /* test */,
				E58952D32BFAF90A00512195 /* testUITests */,
			);
		};
/* End PBXProject section */

/* Begin PBXResourcesBuildPhase section */
		E58952B82BFAF90800512195 /* Resources */ = {
			isa = PBXResourcesBuildPhase;
			buildActionMask = 2147483647;
			files = (
				E58952C52BFAF90A00512195 /* Preview Assets.xcassets in Resources */,
				E5E15F192C04897300E8A82D /* Localizable.strings in Resources */,
				E58952C22BFAF90A00512195 /* Assets.xcassets in Resources */,
			);
			runOnlyForDeploymentPostprocessing = 0;
		};
		E58952D22BFAF90A00512195 /* Resources */ = {
			isa = PBXResourcesBuildPhase;
			buildActionMask = 2147483647;
			files = (
			);
			runOnlyForDeploymentPostprocessing = 0;
		};
/* End PBXResourcesBuildPhase section */

/* Begin PBXSourcesBuildPhase section */
		E58952B62BFAF90800512195 /* Sources */ = {
			isa = PBXSourcesBuildPhase;
			buildActionMask = 2147483647;
			files = (
				E5F6DA352C0731A600E5E7CE /* t_silder.swift in Sources */,
				E58952EB2BFAF99F00512195 /* HomeView.swift in Sources */,
				E5BDB46E2C09C38C00534E7D /* t_memory.swift in Sources */,
				E57067972C09882000C15843 /* t_swipeUp.swift in Sources */,
				E5A36B542BFF33700035BBBC /* AllUIView.swift in Sources */,
				E5BDB4732C09C60000534E7D /* t_cpu_usage.swift in Sources */,
				E58952C02BFAF90800512195 /* ContentView.swift in Sources */,
				E5A36B572BFF34B70035BBBC /* t_input.swift in Sources */,
				E5CAC08A2C0466C600BACFE9 /* t_button.swift in Sources */,
				E58952BE2BFAF90800512195 /* testApp.swift in Sources */,
			);
			runOnlyForDeploymentPostprocessing = 0;
		};
		E58952D02BFAF90A00512195 /* Sources */ = {
			isa = PBXSourcesBuildPhase;
			buildActionMask = 2147483647;
			files = (
				E5D7E2C92C00465F004A6062 /* test_waitEl.swift in Sources */,
				E5F6DA332C072FA100E5E7CE /* test_screenshot.swift in Sources */,
				E5F953032C00804200C4A9B8 /* test_uniapp_input.swift in Sources */,
				E57067932C09783000C15843 /* test_SwipeBack.swift in Sources */,
				E5A36B592BFF36860035BBBC /* test_input.swift in Sources */,
				E55FFFA12BFDA0080068F725 /* testPerformanceTests.swift in Sources */,
				E5F6DA392C0734C800E5E7CE /* test_slider.swift in Sources */,
				E5E15F0C2C046AA000E8A82D /* test_button.swift in Sources */,
				E57067952C09880800C15843 /* test_swipeUp.swift in Sources */,
			);
			runOnlyForDeploymentPostprocessing = 0;
		};
/* End PBXSourcesBuildPhase section */

/* Begin PBXTargetDependency section */
		E58952D62BFAF90A00512195 /* PBXTargetDependency */ = {
			isa = PBXTargetDependency;
			target = E58952B92BFAF90800512195 /* test */;
			targetProxy = E58952D52BFAF90A00512195 /* PBXContainerItemProxy */;
		};
/* End PBXTargetDependency section */

/* Begin PBXVariantGroup section */
		E5E15F1B2C04897300E8A82D /* Localizable.strings */ = {
			isa = PBXVariantGroup;
			children = (
				E5E15F1A2C04897300E8A82D /* en */,
				E5E15F1C2C048C8C00E8A82D /* zh-Hans */,
			);
			name = Localizable.strings;
			sourceTree = "<group>";
		};
/* End PBXVariantGroup section */

/* Begin XCBuildConfiguration section */
		E58952DC2BFAF90A00512195 /* Debug */ = {
			isa = XCBuildConfiguration;
			buildSettings = {
				ALWAYS_SEARCH_USER_PATHS = NO;
				ASSETCATALOG_COMPILER_GENERATE_SWIFT_ASSET_SYMBOL_EXTENSIONS = YES;
				CLANG_ANALYZER_LOCALIZABILITY_NONLOCALIZED = YES;
				CLANG_ANALYZER_NONNULL = YES;
				CLANG_ANALYZER_NUMBER_OBJECT_CONVERSION = YES_AGGRESSIVE;
				CLANG_CXX_LANGUAGE_STANDARD = "gnu++20";
				CLANG_ENABLE_MODULES = YES;
				CLANG_ENABLE_OBJC_ARC = YES;
				CLANG_ENABLE_OBJC_WEAK = YES;
				CLANG_WARN_BLOCK_CAPTURE_AUTORELEASING = YES;
				CLANG_WARN_BOOL_CONVERSION = YES;
				CLANG_WARN_COMMA = YES;
				CLANG_WARN_CONSTANT_CONVERSION = YES;
				CLANG_WARN_DEPRECATED_OBJC_IMPLEMENTATIONS = YES;
				CLANG_WARN_DIRECT_OBJC_ISA_USAGE = YES_ERROR;
				CLANG_WARN_DOCUMENTATION_COMMENTS = YES;
				CLANG_WARN_EMPTY_BODY = YES;
				CLANG_WARN_ENUM_CONVERSION = YES;
				CLANG_WARN_INFINITE_RECURSION = YES;
				CLANG_WARN_INT_CONVERSION = YES;
				CLANG_WARN_NON_LITERAL_NULL_CONVERSION = YES;
				CLANG_WARN_OBJC_IMPLICIT_RETAIN_SELF = YES;
				CLANG_WARN_OBJC_LITERAL_CONVERSION = YES;
				CLANG_WARN_OBJC_ROOT_CLASS = YES_ERROR;
				CLANG_WARN_QUOTED_INCLUDE_IN_FRAMEWORK_HEADER = YES;
				CLANG_WARN_RANGE_LOOP_ANALYSIS = YES;
				CLANG_WARN_STRICT_PROTOTYPES = YES;
				CLANG_WARN_SUSPICIOUS_MOVE = YES;
				CLANG_WARN_UNGUARDED_AVAILABILITY = YES_AGGRESSIVE;
				CLANG_WARN_UNREACHABLE_CODE = YES;
				CLANG_WARN__DUPLICATE_METHOD_MATCH = YES;
				COPY_PHASE_STRIP = NO;
				DEBUG_INFORMATION_FORMAT = dwarf;
				ENABLE_STRICT_OBJC_MSGSEND = YES;
				ENABLE_TESTABILITY = YES;
				ENABLE_USER_SCRIPT_SANDBOXING = NO;
				GCC_C_LANGUAGE_STANDARD = gnu17;
				GCC_DYNAMIC_NO_PIC = NO;
				GCC_NO_COMMON_BLOCKS = YES;
				GCC_OPTIMIZATION_LEVEL = 0;
				GCC_PREPROCESSOR_DEFINITIONS = (
					"DEBUG=1",
					"$(inherited)",
				);
				GCC_WARN_64_TO_32_BIT_CONVERSION = YES;
				GCC_WARN_ABOUT_RETURN_TYPE = YES_ERROR;
				GCC_WARN_UNDECLARED_SELECTOR = YES;
				GCC_WARN_UNINITIALIZED_AUTOS = YES_AGGRESSIVE;
				GCC_WARN_UNUSED_FUNCTION = YES;
				GCC_WARN_UNUSED_VARIABLE = YES;
				IPHONEOS_DEPLOYMENT_TARGET = 15.5;
				LOCALIZATION_PREFERS_STRING_CATALOGS = YES;
				MTL_ENABLE_DEBUG_INFO = INCLUDE_SOURCE;
				MTL_FAST_MATH = YES;
				ONLY_ACTIVE_ARCH = YES;
				SDKROOT = iphoneos;
				SWIFT_ACTIVE_COMPILATION_CONDITIONS = "DEBUG $(inherited)";
				SWIFT_OPTIMIZATION_LEVEL = "-Onone";
			};
			name = Debug;
		};
		E58952DD2BFAF90A00512195 /* Release */ = {
			isa = XCBuildConfiguration;
			buildSettings = {
				ALWAYS_SEARCH_USER_PATHS = NO;
				ASSETCATALOG_COMPILER_GENERATE_SWIFT_ASSET_SYMBOL_EXTENSIONS = YES;
				CLANG_ANALYZER_LOCALIZABILITY_NONLOCALIZED = YES;
				CLANG_ANALYZER_NONNULL = YES;
				CLANG_ANALYZER_NUMBER_OBJECT_CONVERSION = YES_AGGRESSIVE;
				CLANG_CXX_LANGUAGE_STANDARD = "gnu++20";
				CLANG_ENABLE_MODULES = YES;
				CLANG_ENABLE_OBJC_ARC = YES;
				CLANG_ENABLE_OBJC_WEAK = YES;
				CLANG_WARN_BLOCK_CAPTURE_AUTORELEASING = YES;
				CLANG_WARN_BOOL_CONVERSION = YES;
				CLANG_WARN_COMMA = YES;
				CLANG_WARN_CONSTANT_CONVERSION = YES;
				CLANG_WARN_DEPRECATED_OBJC_IMPLEMENTATIONS = YES;
				CLANG_WARN_DIRECT_OBJC_ISA_USAGE = YES_ERROR;
				CLANG_WARN_DOCUMENTATION_COMMENTS = YES;
				CLANG_WARN_EMPTY_BODY = YES;
				CLANG_WARN_ENUM_CONVERSION = YES;
				CLANG_WARN_INFINITE_RECURSION = YES;
				CLANG_WARN_INT_CONVERSION = YES;
				CLANG_WARN_NON_LITERAL_NULL_CONVERSION = YES;
				CLANG_WARN_OBJC_IMPLICIT_RETAIN_SELF = YES;
				CLANG_WARN_OBJC_LITERAL_CONVERSION = YES;
				CLANG_WARN_OBJC_ROOT_CLASS = YES_ERROR;
				CLANG_WARN_QUOTED_INCLUDE_IN_FRAMEWORK_HEADER = YES;
				CLANG_WARN_RANGE_LOOP_ANALYSIS = YES;
				CLANG_WARN_STRICT_PROTOTYPES = YES;
				CLANG_WARN_SUSPICIOUS_MOVE = YES;
				CLANG_WARN_UNGUARDED_AVAILABILITY = YES_AGGRESSIVE;
				CLANG_WARN_UNREACHABLE_CODE = YES;
				CLANG_WARN__DUPLICATE_METHOD_MATCH = YES;
				COPY_PHASE_STRIP = NO;
				DEBUG_INFORMATION_FORMAT = "dwarf-with-dsym";
				ENABLE_NS_ASSERTIONS = NO;
				ENABLE_STRICT_OBJC_MSGSEND = YES;
				ENABLE_USER_SCRIPT_SANDBOXING = NO;
				GCC_C_LANGUAGE_STANDARD = gnu17;
				GCC_NO_COMMON_BLOCKS = YES;
				GCC_WARN_64_TO_32_BIT_CONVERSION = YES;
				GCC_WARN_ABOUT_RETURN_TYPE = YES_ERROR;
				GCC_WARN_UNDECLARED_SELECTOR = YES;
				GCC_WARN_UNINITIALIZED_AUTOS = YES_AGGRESSIVE;
				GCC_WARN_UNUSED_FUNCTION = YES;
				GCC_WARN_UNUSED_VARIABLE = YES;
				IPHONEOS_DEPLOYMENT_TARGET = 15.5;
				LOCALIZATION_PREFERS_STRING_CATALOGS = YES;
				MTL_ENABLE_DEBUG_INFO = NO;
				MTL_FAST_MATH = YES;
				SDKROOT = iphoneos;
				SWIFT_COMPILATION_MODE = wholemodule;
				VALIDATE_PRODUCT = YES;
			};
			name = Release;
		};
		E58952DF2BFAF90A00512195 /* Debug */ = {
			isa = XCBuildConfiguration;
			buildSettings = {
				ASSETCATALOG_COMPILER_APPICON_NAME = AppIcon;
				ASSETCATALOG_COMPILER_GLOBAL_ACCENT_COLOR_NAME = AccentColor;
				CODE_SIGN_STYLE = Automatic;
				CURRENT_PROJECT_VERSION = 1;
				DEVELOPMENT_ASSET_PATHS = "\"test/Preview Content\"";
				DEVELOPMENT_TEAM = 9RN855T24F;
				ENABLE_PREVIEWS = YES;
				GENERATE_INFOPLIST_FILE = YES;
				INFOPLIST_KEY_CFBundleDisplayName = "自动化测试";
				INFOPLIST_KEY_LSApplicationCategoryType = "public.app-category.developer-tools";
				INFOPLIST_KEY_UIApplicationSceneManifest_Generation = YES;
				INFOPLIST_KEY_UIApplicationSupportsIndirectInputEvents = YES;
				INFOPLIST_KEY_UILaunchScreen_Generation = YES;
				INFOPLIST_KEY_UISupportedInterfaceOrientations_iPad = "UIInterfaceOrientationPortrait UIInterfaceOrientationPortraitUpsideDown UIInterfaceOrientationLandscapeLeft UIInterfaceOrientationLandscapeRight";
				INFOPLIST_KEY_UISupportedInterfaceOrientations_iPhone = "UIInterfaceOrientationPortrait UIInterfaceOrientationLandscapeLeft UIInterfaceOrientationLandscapeRight";
				IPHONEOS_DEPLOYMENT_TARGET = 15.4;
				LD_RUNPATH_SEARCH_PATHS = (
					"$(inherited)",
					"@executable_path/Frameworks",
				);
				MARKETING_VERSION = 1.0;
				PRODUCT_BUNDLE_IDENTIFIER = com.x.test;
				PRODUCT_NAME = "$(TARGET_NAME)";
				SWIFT_EMIT_LOC_STRINGS = YES;
				SWIFT_VERSION = 5.0;
				TARGETED_DEVICE_FAMILY = "1,2";
			};
			name = Debug;
		};
		E58952E02BFAF90A00512195 /* Release */ = {
			isa = XCBuildConfiguration;
			buildSettings = {
				ASSETCATALOG_COMPILER_APPICON_NAME = AppIcon;
				ASSETCATALOG_COMPILER_GLOBAL_ACCENT_COLOR_NAME = AccentColor;
				CODE_SIGN_IDENTITY = "Apple Development";
				CODE_SIGN_STYLE = Automatic;
				CURRENT_PROJECT_VERSION = 1;
				DEVELOPMENT_ASSET_PATHS = "\"test/Preview Content\"";
				DEVELOPMENT_TEAM = 9RN855T24F;
				ENABLE_PREVIEWS = YES;
				GENERATE_INFOPLIST_FILE = YES;
				INFOPLIST_KEY_CFBundleDisplayName = "自动化测试";
				INFOPLIST_KEY_LSApplicationCategoryType = "public.app-category.developer-tools";
				INFOPLIST_KEY_UIApplicationSceneManifest_Generation = YES;
				INFOPLIST_KEY_UIApplicationSupportsIndirectInputEvents = YES;
				INFOPLIST_KEY_UILaunchScreen_Generation = YES;
				INFOPLIST_KEY_UISupportedInterfaceOrientations_iPad = "UIInterfaceOrientationPortrait UIInterfaceOrientationPortraitUpsideDown UIInterfaceOrientationLandscapeLeft UIInterfaceOrientationLandscapeRight";
				INFOPLIST_KEY_UISupportedInterfaceOrientations_iPhone = "UIInterfaceOrientationPortrait UIInterfaceOrientationLandscapeLeft UIInterfaceOrientationLandscapeRight";
				IPHONEOS_DEPLOYMENT_TARGET = 15.4;
				LD_RUNPATH_SEARCH_PATHS = (
					"$(inherited)",
					"@executable_path/Frameworks",
				);
				MARKETING_VERSION = 1.0;
				PRODUCT_BUNDLE_IDENTIFIER = com.x.test;
				PRODUCT_NAME = "$(TARGET_NAME)";
				PROVISIONING_PROFILE_SPECIFIER = "";
				SWIFT_EMIT_LOC_STRINGS = YES;
				SWIFT_VERSION = 5.0;
				TARGETED_DEVICE_FAMILY = "1,2";
			};
			name = Release;
		};
		E58952E52BFAF90A00512195 /* Debug */ = {
			isa = XCBuildConfiguration;
			buildSettings = {
				ALWAYS_EMBED_SWIFT_STANDARD_LIBRARIES = YES;
				"CODE_SIGN_IDENTITY[sdk=macosx*]" = "Apple Development";
				CODE_SIGN_STYLE = Automatic;
				CURRENT_PROJECT_VERSION = 1;
				DEVELOPMENT_TEAM = 9RN855T24F;
				GENERATE_INFOPLIST_FILE = YES;
				IPHONEOS_DEPLOYMENT_TARGET = 15.4;
				MARKETING_VERSION = 1.0;
				PRODUCT_BUNDLE_IDENTIFIER = com.x.test.testUITests;
				PRODUCT_NAME = "$(TARGET_NAME)";
				PROVISIONING_PROFILE = "";
				SWIFT_EMIT_LOC_STRINGS = NO;
				SWIFT_VERSION = 5.0;
				TARGETED_DEVICE_FAMILY = "1,2";
				TEST_TARGET_NAME = test;
			};
			name = Debug;
		};
		E58952E62BFAF90A00512195 /* Release */ = {
			isa = XCBuildConfiguration;
			buildSettings = {
				ALWAYS_EMBED_SWIFT_STANDARD_LIBRARIES = YES;
				"CODE_SIGN_IDENTITY[sdk=macosx*]" = "Apple Development";
				CODE_SIGN_STYLE = Automatic;
				CURRENT_PROJECT_VERSION = 1;
				DEVELOPMENT_TEAM = 9RN855T24F;
				GENERATE_INFOPLIST_FILE = YES;
				IPHONEOS_DEPLOYMENT_TARGET = 15.4;
				MARKETING_VERSION = 1.0;
				"PRODUCT_BUNDLE_IDENTIFIER[sdk=iphoneos*]" = com.x.test.testUITests;
				"PRODUCT_BUNDLE_IDENTIFIER[sdk=macosx*]" = com.x.test.testUITests;
				PRODUCT_NAME = "$(TARGET_NAME)";
				PROVISIONING_PROFILE = "";
				SWIFT_EMIT_LOC_STRINGS = NO;
				SWIFT_VERSION = 5.0;
				TARGETED_DEVICE_FAMILY = "1,2";
				TEST_TARGET_NAME = test;
			};
			name = Release;
		};
/* End XCBuildConfiguration section */

/* Begin XCConfigurationList section */
		E58952B52BFAF90800512195 /* Build configuration list for PBXProject "test" */ = {
			isa = XCConfigurationList;
			buildConfigurations = (
				E58952DC2BFAF90A00512195 /* Debug */,
				E58952DD2BFAF90A00512195 /* Release */,
			);
			defaultConfigurationIsVisible = 0;
			defaultConfigurationName = Release;
		};
		E58952DE2BFAF90A00512195 /* Build configuration list for PBXNativeTarget "test" */ = {
			isa = XCConfigurationList;
			buildConfigurations = (
				E58952DF2BFAF90A00512195 /* Debug */,
				E58952E02BFAF90A00512195 /* Release */,
			);
			defaultConfigurationIsVisible = 0;
			defaultConfigurationName = Release;
		};
		E58952E42BFAF90A00512195 /* Build configuration list for PBXNativeTarget "testUITests" */ = {
			isa = XCConfigurationList;
			buildConfigurations = (
				E58952E52BFAF90A00512195 /* Debug */,
				E58952E62BFAF90A00512195 /* Release */,
			);
			defaultConfigurationIsVisible = 0;
			defaultConfigurationName = Release;
		};
/* End XCConfigurationList section */
	};
	rootObject = E58952B22BFAF90800512195 /* Project object */;
}
